// !$*UTF8*$!
{
	archiveVersion = 1;
	classes = {
	};
	objectVersion = 56;
	objects = {

/* Begin PBXBuildFile section */
		043B38D42CD29A3C003B8905 /* AppCoordinator.swift in Sources */ = {isa = PBXBuildFile; fileRef = 043B38D32CD29A3C003B8905 /* AppCoordinator.swift */; };
		043B38D62CD29A45003B8905 /* MainCoordinator.swift in Sources */ = {isa = PBXBuildFile; fileRef = 043B38D52CD29A45003B8905 /* MainCoordinator.swift */; };
		043B38DA2CD29AE5003B8905 /* Coordinator.swift in Sources */ = {isa = PBXBuildFile; fileRef = 043B38D92CD29AE5003B8905 /* Coordinator.swift */; };
		043B38DF2CD29BA8003B8905 /* NetworkManager.swift in Sources */ = {isa = PBXBuildFile; fileRef = 043B38DE2CD29BA8003B8905 /* NetworkManager.swift */; };
		043B38EE2CD2A1F2003B8905 /* SFPRODISPLAYBOLD.OTF in Resources */ = {isa = PBXBuildFile; fileRef = 043B38EC2CD2A1F2003B8905 /* SFPRODISPLAYBOLD.OTF */; };
		043B38EF2CD2A1F2003B8905 /* SFPRODISPLAYREGULAR.OTF in Resources */ = {isa = PBXBuildFile; fileRef = 043B38ED2CD2A1F2003B8905 /* SFPRODISPLAYREGULAR.OTF */; };
		043B38F32CD2A39D003B8905 /* FontExtensions.swift in Sources */ = {isa = PBXBuildFile; fileRef = 043B38F22CD2A39D003B8905 /* FontExtensions.swift */; };
		043B38F52CD2A3AF003B8905 /* ColorExtensions.swift in Sources */ = {isa = PBXBuildFile; fileRef = 043B38F42CD2A3AF003B8905 /* ColorExtensions.swift */; };
		04EDD45A2CD2934E00D54992 /* AppDelegate.swift in Sources */ = {isa = PBXBuildFile; fileRef = 04EDD4592CD2934E00D54992 /* AppDelegate.swift */; };
		04EDD45C2CD2934E00D54992 /* SceneDelegate.swift in Sources */ = {isa = PBXBuildFile; fileRef = 04EDD45B2CD2934E00D54992 /* SceneDelegate.swift */; };
		04EDD45E2CD2934E00D54992 /* ViewController.swift in Sources */ = {isa = PBXBuildFile; fileRef = 04EDD45D2CD2934E00D54992 /* ViewController.swift */; };
		04EDD4632CD2935100D54992 /* Assets.xcassets in Resources */ = {isa = PBXBuildFile; fileRef = 04EDD4622CD2935100D54992 /* Assets.xcassets */; };
		04EDD4662CD2935100D54992 /* LaunchScreen.storyboard in Resources */ = {isa = PBXBuildFile; fileRef = 04EDD4642CD2935100D54992 /* LaunchScreen.storyboard */; };
		4656EF5875C02F79A1A4DC0F /* Pods_AIVoice.framework in Frameworks */ = {isa = PBXBuildFile; fileRef = 2B58DC81AE549C82B65BA06B /* Pods_AIVoice.framework */; };
/* End PBXBuildFile section */

/* Begin PBXFileReference section */
		043B38D32CD29A3C003B8905 /* AppCoordinator.swift */ = {isa = PBXFileReference; lastKnownFileType = sourcecode.swift; path = AppCoordinator.swift; sourceTree = "<group>"; };
		043B38D52CD29A45003B8905 /* MainCoordinator.swift */ = {isa = PBXFileReference; lastKnownFileType = sourcecode.swift; path = MainCoordinator.swift; sourceTree = "<group>"; };
		043B38D92CD29AE5003B8905 /* Coordinator.swift */ = {isa = PBXFileReference; lastKnownFileType = sourcecode.swift; path = Coordinator.swift; sourceTree = "<group>"; };
		043B38DE2CD29BA8003B8905 /* NetworkManager.swift */ = {isa = PBXFileReference; lastKnownFileType = sourcecode.swift; path = NetworkManager.swift; sourceTree = "<group>"; };
		043B38EC2CD2A1F2003B8905 /* SFPRODISPLAYBOLD.OTF */ = {isa = PBXFileReference; lastKnownFileType = file; path = SFPRODISPLAYBOLD.OTF; sourceTree = "<group>"; };
		043B38ED2CD2A1F2003B8905 /* SFPRODISPLAYREGULAR.OTF */ = {isa = PBXFileReference; lastKnownFileType = file; path = SFPRODISPLAYREGULAR.OTF; sourceTree = "<group>"; };
		043B38F22CD2A39D003B8905 /* FontExtensions.swift */ = {isa = PBXFileReference; lastKnownFileType = sourcecode.swift; path = FontExtensions.swift; sourceTree = "<group>"; };
		043B38F42CD2A3AF003B8905 /* ColorExtensions.swift */ = {isa = PBXFileReference; lastKnownFileType = sourcecode.swift; path = ColorExtensions.swift; sourceTree = "<group>"; };
		04EDD4562CD2934E00D54992 /* AIVoice.app */ = {isa = PBXFileReference; explicitFileType = wrapper.application; includeInIndex = 0; path = AIVoice.app; sourceTree = BUILT_PRODUCTS_DIR; };
		04EDD4592CD2934E00D54992 /* AppDelegate.swift */ = {isa = PBXFileReference; lastKnownFileType = sourcecode.swift; path = AppDelegate.swift; sourceTree = "<group>"; };
		04EDD45B2CD2934E00D54992 /* SceneDelegate.swift */ = {isa = PBXFileReference; lastKnownFileType = sourcecode.swift; path = SceneDelegate.swift; sourceTree = "<group>"; };
		04EDD45D2CD2934E00D54992 /* ViewController.swift */ = {isa = PBXFileReference; lastKnownFileType = sourcecode.swift; path = ViewController.swift; sourceTree = "<group>"; };
		04EDD4622CD2935100D54992 /* Assets.xcassets */ = {isa = PBXFileReference; lastKnownFileType = folder.assetcatalog; path = Assets.xcassets; sourceTree = "<group>"; };
		04EDD4652CD2935100D54992 /* Base */ = {isa = PBXFileReference; lastKnownFileType = file.storyboard; name = Base; path = Base.lproj/LaunchScreen.storyboard; sourceTree = "<group>"; };
		04EDD4672CD2935100D54992 /* Info.plist */ = {isa = PBXFileReference; lastKnownFileType = text.plist.xml; path = Info.plist; sourceTree = "<group>"; };
		1F74849E051464813163083C /* Pods-AIVoice.release.xcconfig */ = {isa = PBXFileReference; includeInIndex = 1; lastKnownFileType = text.xcconfig; name = "Pods-AIVoice.release.xcconfig"; path = "Target Support Files/Pods-AIVoice/Pods-AIVoice.release.xcconfig"; sourceTree = "<group>"; };
		2B58DC81AE549C82B65BA06B /* Pods_AIVoice.framework */ = {isa = PBXFileReference; explicitFileType = wrapper.framework; includeInIndex = 0; path = Pods_AIVoice.framework; sourceTree = BUILT_PRODUCTS_DIR; };
		63C7A506DA154C8371B95225 /* Pods-AIVoice.debug.xcconfig */ = {isa = PBXFileReference; includeInIndex = 1; lastKnownFileType = text.xcconfig; name = "Pods-AIVoice.debug.xcconfig"; path = "Target Support Files/Pods-AIVoice/Pods-AIVoice.debug.xcconfig"; sourceTree = "<group>"; };
/* End PBXFileReference section */

/* Begin PBXFrameworksBuildPhase section */
		04EDD4532CD2934E00D54992 /* Frameworks */ = {
			isa = PBXFrameworksBuildPhase;
			buildActionMask = 2147483647;
			files = (
				4656EF5875C02F79A1A4DC0F /* Pods_AIVoice.framework in Frameworks */,
			);
			runOnlyForDeploymentPostprocessing = 0;
		};
/* End PBXFrameworksBuildPhase section */

/* Begin PBXGroup section */
		043B38CD2CD298DB003B8905 /* Sources */ = {
			isa = PBXGroup;
			children = (
				043B38CE2CD298E7003B8905 /* Application */,
				043B38DB2CD29B8A003B8905 /* Core */,
				043B38E12CD29BC4003B8905 /* Modules */,
				043B38E32CD29BFB003B8905 /* Supporting Files */,
				043B38E22CD29BDC003B8905 /* Resources */,
			);
			path = Sources;
			sourceTree = "<group>";
		};
		043B38CE2CD298E7003B8905 /* Application */ = {
			isa = PBXGroup;
			children = (
				043B38D32CD29A3C003B8905 /* AppCoordinator.swift */,
				043B38D52CD29A45003B8905 /* MainCoordinator.swift */,
				043B38D92CD29AE5003B8905 /* Coordinator.swift */,
				043B38E82CD29CFC003B8905 /* Delegates */,
			);
			path = Application;
			sourceTree = "<group>";
		};
		043B38DB2CD29B8A003B8905 /* Core */ = {
			isa = PBXGroup;
			children = (
				043B38DE2CD29BA8003B8905 /* NetworkManager.swift */,
				043B38E02CD29BB0003B8905 /* Extensions */,
			);
			path = Core;
			sourceTree = "<group>";
		};
		043B38E02CD29BB0003B8905 /* Extensions */ = {
			isa = PBXGroup;
			children = (
			);
			path = Extensions;
			sourceTree = "<group>";
		};
		043B38E12CD29BC4003B8905 /* Modules */ = {
			isa = PBXGroup;
			children = (
				043B38E42CD29C66003B8905 /* Home */,
			);
			path = Modules;
			sourceTree = "<group>";
		};
		043B38E22CD29BDC003B8905 /* Resources */ = {
			isa = PBXGroup;
			children = (
				04EDD4622CD2935100D54992 /* Assets.xcassets */,
				043B38F42CD2A3AF003B8905 /* ColorExtensions.swift */,
				043B38F22CD2A39D003B8905 /* FontExtensions.swift */,
				043B38EB2CD2A101003B8905 /* Fonts */,
			);
			path = Resources;
			sourceTree = "<group>";
		};
		043B38E32CD29BFB003B8905 /* Supporting Files */ = {
			isa = PBXGroup;
			children = (
			);
			path = "Supporting Files";
			sourceTree = "<group>";
		};
		043B38E42CD29C66003B8905 /* Home */ = {
			isa = PBXGroup;
			children = (
				04EDD45D2CD2934E00D54992 /* ViewController.swift */,
			);
			path = Home;
			sourceTree = "<group>";
		};
		043B38E82CD29CFC003B8905 /* Delegates */ = {
			isa = PBXGroup;
			children = (
				04EDD4592CD2934E00D54992 /* AppDelegate.swift */,
				04EDD45B2CD2934E00D54992 /* SceneDelegate.swift */,
			);
			path = Delegates;
			sourceTree = "<group>";
		};
		043B38EB2CD2A101003B8905 /* Fonts */ = {
			isa = PBXGroup;
			children = (
				043B38EC2CD2A1F2003B8905 /* SFPRODISPLAYBOLD.OTF */,
				043B38ED2CD2A1F2003B8905 /* SFPRODISPLAYREGULAR.OTF */,
			);
			path = Fonts;
			sourceTree = "<group>";
		};
		04EDD44D2CD2934E00D54992 = {
			isa = PBXGroup;
			children = (
				04EDD4582CD2934E00D54992 /* AIVoice */,
				04EDD4572CD2934E00D54992 /* Products */,
				8AE86098F819581C35C9C170 /* Pods */,
				2FC3B759BDC7D7CC3E2384B7 /* Frameworks */,
			);
			sourceTree = "<group>";
		};
		04EDD4572CD2934E00D54992 /* Products */ = {
			isa = PBXGroup;
			children = (
				04EDD4562CD2934E00D54992 /* AIVoice.app */,
			);
			name = Products;
			sourceTree = "<group>";
		};
		04EDD4582CD2934E00D54992 /* AIVoice */ = {
			isa = PBXGroup;
			children = (
				043B38CD2CD298DB003B8905 /* Sources */,
				04EDD4642CD2935100D54992 /* LaunchScreen.storyboard */,
				04EDD4672CD2935100D54992 /* Info.plist */,
			);
			path = AIVoice;
			sourceTree = "<group>";
		};
		2FC3B759BDC7D7CC3E2384B7 /* Frameworks */ = {
			isa = PBXGroup;
			children = (
				2B58DC81AE549C82B65BA06B /* Pods_AIVoice.framework */,
			);
			name = Frameworks;
			sourceTree = "<group>";
		};
		8AE86098F819581C35C9C170 /* Pods */ = {
			isa = PBXGroup;
			children = (
				63C7A506DA154C8371B95225 /* Pods-AIVoice.debug.xcconfig */,
				1F74849E051464813163083C /* Pods-AIVoice.release.xcconfig */,
			);
			path = Pods;
			sourceTree = "<group>";
		};
/* End PBXGroup section */

/* Begin PBXNativeTarget section */
		04EDD4552CD2934E00D54992 /* AIVoice */ = {
			isa = PBXNativeTarget;
			buildConfigurationList = 04EDD46A2CD2935100D54992 /* Build configuration list for PBXNativeTarget "AIVoice" */;
			buildPhases = (
				21F0E67C4736C8E8403FA197 /* [CP] Check Pods Manifest.lock */,
				04EDD4522CD2934E00D54992 /* Sources */,
				04EDD4532CD2934E00D54992 /* Frameworks */,
				04EDD4542CD2934E00D54992 /* Resources */,
				87048F1927EC6D81ABD5FAA7 /* [CP] Embed Pods Frameworks */,
			);
			buildRules = (
			);
			dependencies = (
			);
			name = AIVoice;
			productName = AIVoice;
			productReference = 04EDD4562CD2934E00D54992 /* AIVoice.app */;
			productType = "com.apple.product-type.application";
		};
/* End PBXNativeTarget section */

/* Begin PBXProject section */
		04EDD44E2CD2934E00D54992 /* Project object */ = {
			isa = PBXProject;
			attributes = {
				BuildIndependentTargetsInParallel = 1;
				LastSwiftUpdateCheck = 1510;
				LastUpgradeCheck = 1510;
				TargetAttributes = {
					04EDD4552CD2934E00D54992 = {
						CreatedOnToolsVersion = 15.1;
					};
				};
			};
			buildConfigurationList = 04EDD4512CD2934E00D54992 /* Build configuration list for PBXProject "AIVoice" */;
			compatibilityVersion = "Xcode 14.0";
			developmentRegion = en;
			hasScannedForEncodings = 0;
			knownRegions = (
				en,
				Base,
			);
			mainGroup = 04EDD44D2CD2934E00D54992;
			productRefGroup = 04EDD4572CD2934E00D54992 /* Products */;
			projectDirPath = "";
			projectRoot = "";
			targets = (
				04EDD4552CD2934E00D54992 /* AIVoice */,
			);
		};
/* End PBXProject section */

/* Begin PBXResourcesBuildPhase section */
		04EDD4542CD2934E00D54992 /* Resources */ = {
			isa = PBXResourcesBuildPhase;
			buildActionMask = 2147483647;
			files = (
				043B38EF2CD2A1F2003B8905 /* SFPRODISPLAYREGULAR.OTF in Resources */,
				04EDD4662CD2935100D54992 /* LaunchScreen.storyboard in Resources */,
				043B38EE2CD2A1F2003B8905 /* SFPRODISPLAYBOLD.OTF in Resources */,
				04EDD4632CD2935100D54992 /* Assets.xcassets in Resources */,
			);
			runOnlyForDeploymentPostprocessing = 0;
		};
/* End PBXResourcesBuildPhase section */

/* Begin PBXShellScriptBuildPhase section */
		21F0E67C4736C8E8403FA197 /* [CP] Check Pods Manifest.lock */ = {
			isa = PBXShellScriptBuildPhase;
			buildActionMask = 2147483647;
			files = (
			);
			inputFileListPaths = (
			);
			inputPaths = (
				"${PODS_PODFILE_DIR_PATH}/Podfile.lock",
				"${PODS_ROOT}/Manifest.lock",
			);
			name = "[CP] Check Pods Manifest.lock";
			outputFileListPaths = (
			);
			outputPaths = (
				"$(DERIVED_FILE_DIR)/Pods-AIVoice-checkManifestLockResult.txt",
			);
			runOnlyForDeploymentPostprocessing = 0;
			shellPath = /bin/sh;
			shellScript = "diff \"${PODS_PODFILE_DIR_PATH}/Podfile.lock\" \"${PODS_ROOT}/Manifest.lock\" > /dev/null\nif [ $? != 0 ] ; then\n    # print error to STDERR\n    echo \"error: The sandbox is not in sync with the Podfile.lock. Run 'pod install' or update your CocoaPods installation.\" >&2\n    exit 1\nfi\n# This output is used by Xcode 'outputs' to avoid re-running this script phase.\necho \"SUCCESS\" > \"${SCRIPT_OUTPUT_FILE_0}\"\n";
			showEnvVarsInLog = 0;
		};
		87048F1927EC6D81ABD5FAA7 /* [CP] Embed Pods Frameworks */ = {
			isa = PBXShellScriptBuildPhase;
			buildActionMask = 2147483647;
			files = (
			);
			inputFileListPaths = (
				"${PODS_ROOT}/Target Support Files/Pods-AIVoice/Pods-AIVoice-frameworks-${CONFIGURATION}-input-files.xcfilelist",
			);
			name = "[CP] Embed Pods Frameworks";
			outputFileListPaths = (
				"${PODS_ROOT}/Target Support Files/Pods-AIVoice/Pods-AIVoice-frameworks-${CONFIGURATION}-output-files.xcfilelist",
			);
			runOnlyForDeploymentPostprocessing = 0;
			shellPath = /bin/sh;
			shellScript = "\"${PODS_ROOT}/Target Support Files/Pods-AIVoice/Pods-AIVoice-frameworks.sh\"\n";
			showEnvVarsInLog = 0;
		};
/* End PBXShellScriptBuildPhase section */

/* Begin PBXSourcesBuildPhase section */
		04EDD4522CD2934E00D54992 /* Sources */ = {
			isa = PBXSourcesBuildPhase;
			buildActionMask = 2147483647;
			files = (
				043B38F52CD2A3AF003B8905 /* ColorExtensions.swift in Sources */,
				043B38D42CD29A3C003B8905 /* AppCoordinator.swift in Sources */,
				043B38F32CD2A39D003B8905 /* FontExtensions.swift in Sources */,
				04EDD45E2CD2934E00D54992 /* ViewController.swift in Sources */,
				04EDD45A2CD2934E00D54992 /* AppDelegate.swift in Sources */,
				043B38DF2CD29BA8003B8905 /* NetworkManager.swift in Sources */,
				043B38D62CD29A45003B8905 /* MainCoordinator.swift in Sources */,
				04EDD45C2CD2934E00D54992 /* SceneDelegate.swift in Sources */,
				043B38DA2CD29AE5003B8905 /* Coordinator.swift in Sources */,
			);
			runOnlyForDeploymentPostprocessing = 0;
		};
/* End PBXSourcesBuildPhase section */

/* Begin PBXVariantGroup section */
		04EDD4642CD2935100D54992 /* LaunchScreen.storyboard */ = {
			isa = PBXVariantGroup;
			children = (
				04EDD4652CD2935100D54992 /* Base */,
			);
			name = LaunchScreen.storyboard;
			sourceTree = "<group>";
		};
/* End PBXVariantGroup section */

/* Begin XCBuildConfiguration section */
		04EDD4682CD2935100D54992 /* Debug */ = {
			isa = XCBuildConfiguration;
			buildSettings = {
				ALWAYS_SEARCH_USER_PATHS = NO;
				ASSETCATALOG_COMPILER_GENERATE_SWIFT_ASSET_SYMBOL_EXTENSIONS = YES;
				CLANG_ANALYZER_NONNULL = YES;
				CLANG_ANALYZER_NUMBER_OBJECT_CONVERSION = YES_AGGRESSIVE;
				CLANG_CXX_LANGUAGE_STANDARD = "gnu++20";
				CLANG_ENABLE_MODULES = YES;
				CLANG_ENABLE_OBJC_ARC = YES;
				CLANG_ENABLE_OBJC_WEAK = YES;
				CLANG_WARN_BLOCK_CAPTURE_AUTORELEASING = YES;
				CLANG_WARN_BOOL_CONVERSION = YES;
				CLANG_WARN_COMMA = YES;
				CLANG_WARN_CONSTANT_CONVERSION = YES;
				CLANG_WARN_DEPRECATED_OBJC_IMPLEMENTATIONS = YES;
				CLANG_WARN_DIRECT_OBJC_ISA_USAGE = YES_ERROR;
				CLANG_WARN_DOCUMENTATION_COMMENTS = YES;
				CLANG_WARN_EMPTY_BODY = YES;
				CLANG_WARN_ENUM_CONVERSION = YES;
				CLANG_WARN_INFINITE_RECURSION = YES;
				CLANG_WARN_INT_CONVERSION = YES;
				CLANG_WARN_NON_LITERAL_NULL_CONVERSION = YES;
				CLANG_WARN_OBJC_IMPLICIT_RETAIN_SELF = YES;
				CLANG_WARN_OBJC_LITERAL_CONVERSION = YES;
				CLANG_WARN_OBJC_ROOT_CLASS = YES_ERROR;
				CLANG_WARN_QUOTED_INCLUDE_IN_FRAMEWORK_HEADER = YES;
				CLANG_WARN_RANGE_LOOP_ANALYSIS = YES;
				CLANG_WARN_STRICT_PROTOTYPES = YES;
				CLANG_WARN_SUSPICIOUS_MOVE = YES;
				CLANG_WARN_UNGUARDED_AVAILABILITY = YES_AGGRESSIVE;
				CLANG_WARN_UNREACHABLE_CODE = YES;
				CLANG_WARN__DUPLICATE_METHOD_MATCH = YES;
				COPY_PHASE_STRIP = NO;
				DEBUG_INFORMATION_FORMAT = dwarf;
				ENABLE_STRICT_OBJC_MSGSEND = YES;
				ENABLE_TESTABILITY = YES;
				ENABLE_USER_SCRIPT_SANDBOXING = YES;
				GCC_C_LANGUAGE_STANDARD = gnu17;
				GCC_DYNAMIC_NO_PIC = NO;
				GCC_NO_COMMON_BLOCKS = YES;
				GCC_OPTIMIZATION_LEVEL = 0;
				GCC_PREPROCESSOR_DEFINITIONS = (
					"DEBUG=1",
					"$(inherited)",
				);
				GCC_WARN_64_TO_32_BIT_CONVERSION = YES;
				GCC_WARN_ABOUT_RETURN_TYPE = YES_ERROR;
				GCC_WARN_UNDECLARED_SELECTOR = YES;
				GCC_WARN_UNINITIALIZED_AUTOS = YES_AGGRESSIVE;
				GCC_WARN_UNUSED_FUNCTION = YES;
				GCC_WARN_UNUSED_VARIABLE = YES;
				IPHONEOS_DEPLOYMENT_TARGET = 17.2;
				LOCALIZATION_PREFERS_STRING_CATALOGS = YES;
				MTL_ENABLE_DEBUG_INFO = INCLUDE_SOURCE;
				MTL_FAST_MATH = YES;
				ONLY_ACTIVE_ARCH = YES;
				SDKROOT = iphoneos;
				SWIFT_ACTIVE_COMPILATION_CONDITIONS = "DEBUG $(inherited)";
				SWIFT_OPTIMIZATION_LEVEL = "-Onone";
			};
			name = Debug;
		};
		04EDD4692CD2935100D54992 /* Release */ = {
			isa = XCBuildConfiguration;
			buildSettings = {
				ALWAYS_SEARCH_USER_PATHS = NO;
				ASSETCATALOG_COMPILER_GENERATE_SWIFT_ASSET_SYMBOL_EXTENSIONS = YES;
				CLANG_ANALYZER_NONNULL = YES;
				CLANG_ANALYZER_NUMBER_OBJECT_CONVERSION = YES_AGGRESSIVE;
				CLANG_CXX_LANGUAGE_STANDARD = "gnu++20";
				CLANG_ENABLE_MODULES = YES;
				CLANG_ENABLE_OBJC_ARC = YES;
				CLANG_ENABLE_OBJC_WEAK = YES;
				CLANG_WARN_BLOCK_CAPTURE_AUTORELEASING = YES;
				CLANG_WARN_BOOL_CONVERSION = YES;
				CLANG_WARN_COMMA = YES;
				CLANG_WARN_CONSTANT_CONVERSION = YES;
				CLANG_WARN_DEPRECATED_OBJC_IMPLEMENTATIONS = YES;
				CLANG_WARN_DIRECT_OBJC_ISA_USAGE = YES_ERROR;
				CLANG_WARN_DOCUMENTATION_COMMENTS = YES;
				CLANG_WARN_EMPTY_BODY = YES;
				CLANG_WARN_ENUM_CONVERSION = YES;
				CLANG_WARN_INFINITE_RECURSION = YES;
				CLANG_WARN_INT_CONVERSION = YES;
				CLANG_WARN_NON_LITERAL_NULL_CONVERSION = YES;
				CLANG_WARN_OBJC_IMPLICIT_RETAIN_SELF = YES;
				CLANG_WARN_OBJC_LITERAL_CONVERSION = YES;
				CLANG_WARN_OBJC_ROOT_CLASS = YES_ERROR;
				CLANG_WARN_QUOTED_INCLUDE_IN_FRAMEWORK_HEADER = YES;
				CLANG_WARN_RANGE_LOOP_ANALYSIS = YES;
				CLANG_WARN_STRICT_PROTOTYPES = YES;
				CLANG_WARN_SUSPICIOUS_MOVE = YES;
				CLANG_WARN_UNGUARDED_AVAILABILITY = YES_AGGRESSIVE;
				CLANG_WARN_UNREACHABLE_CODE = YES;
				CLANG_WARN__DUPLICATE_METHOD_MATCH = YES;
				COPY_PHASE_STRIP = NO;
				DEBUG_INFORMATION_FORMAT = "dwarf-with-dsym";
				ENABLE_NS_ASSERTIONS = NO;
				ENABLE_STRICT_OBJC_MSGSEND = YES;
				ENABLE_USER_SCRIPT_SANDBOXING = YES;
				GCC_C_LANGUAGE_STANDARD = gnu17;
				GCC_NO_COMMON_BLOCKS = YES;
				GCC_WARN_64_TO_32_BIT_CONVERSION = YES;
				GCC_WARN_ABOUT_RETURN_TYPE = YES_ERROR;
				GCC_WARN_UNDECLARED_SELECTOR = YES;
				GCC_WARN_UNINITIALIZED_AUTOS = YES_AGGRESSIVE;
				GCC_WARN_UNUSED_FUNCTION = YES;
				GCC_WARN_UNUSED_VARIABLE = YES;
				IPHONEOS_DEPLOYMENT_TARGET = 17.2;
				LOCALIZATION_PREFERS_STRING_CATALOGS = YES;
				MTL_ENABLE_DEBUG_INFO = NO;
				MTL_FAST_MATH = YES;
				SDKROOT = iphoneos;
				SWIFT_COMPILATION_MODE = wholemodule;
				VALIDATE_PRODUCT = YES;
			};
			name = Release;
		};
		04EDD46B2CD2935100D54992 /* Debug */ = {
			isa = XCBuildConfiguration;
			baseConfigurationReference = 63C7A506DA154C8371B95225 /* Pods-AIVoice.debug.xcconfig */;
			buildSettings = {
				ASSETCATALOG_COMPILER_APPICON_NAME = AppIcon;
				ASSETCATALOG_COMPILER_GLOBAL_ACCENT_COLOR_NAME = AccentColor;
				CODE_SIGN_STYLE = Automatic;
				CURRENT_PROJECT_VERSION = 1;
				DEVELOPMENT_TEAM = DTSAAQTA2J;
				ENABLE_USER_SCRIPT_SANDBOXING = NO;
				GENERATE_INFOPLIST_FILE = YES;
				INFOPLIST_FILE = AIVoice/Info.plist;
				INFOPLIST_KEY_UIApplicationSupportsIndirectInputEvents = YES;
				INFOPLIST_KEY_UILaunchStoryboardName = LaunchScreen;
				INFOPLIST_KEY_UISupportedInterfaceOrientations_iPad = "UIInterfaceOrientationPortrait UIInterfaceOrientationPortraitUpsideDown UIInterfaceOrientationLandscapeLeft UIInterfaceOrientationLandscapeRight";
				INFOPLIST_KEY_UISupportedInterfaceOrientations_iPhone = "UIInterfaceOrientationPortrait UIInterfaceOrientationLandscapeLeft UIInterfaceOrientationLandscapeRight";
				IPHONEOS_DEPLOYMENT_TARGET = 13.0;
				LD_RUNPATH_SEARCH_PATHS = (
					"$(inherited)",
					"@executable_path/Frameworks",
				);
				MARKETING_VERSION = 1.0;
				PRODUCT_BUNDLE_IDENTIFIER = frt.papcorns.AIVoice;
				PRODUCT_NAME = "$(TARGET_NAME)";
				SWIFT_EMIT_LOC_STRINGS = YES;
				SWIFT_VERSION = 5.0;
				TARGETED_DEVICE_FAMILY = "1,2";
			};
			name = Debug;
		};
		04EDD46C2CD2935100D54992 /* Release */ = {
			isa = XCBuildConfiguration;
			baseConfigurationReference = 1F74849E051464813163083C /* Pods-AIVoice.release.xcconfig */;
			buildSettings = {
				ASSETCATALOG_COMPILER_APPICON_NAME = AppIcon;
				ASSETCATALOG_COMPILER_GLOBAL_ACCENT_COLOR_NAME = AccentColor;
				CODE_SIGN_STYLE = Automatic;
				CURRENT_PROJECT_VERSION = 1;
				DEVELOPMENT_TEAM = DTSAAQTA2J;
				ENABLE_USER_SCRIPT_SANDBOXING = NO;
				GENERATE_INFOPLIST_FILE = YES;
				INFOPLIST_FILE = AIVoice/Info.plist;
				INFOPLIST_KEY_UIApplicationSupportsIndirectInputEvents = YES;
				INFOPLIST_KEY_UILaunchStoryboardName = LaunchScreen;
				INFOPLIST_KEY_UISupportedInterfaceOrientations_iPad = "UIInterfaceOrientationPortrait UIInterfaceOrientationPortraitUpsideDown UIInterfaceOrientationLandscapeLeft UIInterfaceOrientationLandscapeRight";
				INFOPLIST_KEY_UISupportedInterfaceOrientations_iPhone = "UIInterfaceOrientationPortrait UIInterfaceOrientationLandscapeLeft UIInterfaceOrientationLandscapeRight";
				IPHONEOS_DEPLOYMENT_TARGET = 13.0;
				LD_RUNPATH_SEARCH_PATHS = (
					"$(inherited)",
					"@executable_path/Frameworks",
				);
				MARKETING_VERSION = 1.0;
				PRODUCT_BUNDLE_IDENTIFIER = frt.papcorns.AIVoice;
				PRODUCT_NAME = "$(TARGET_NAME)";
				SWIFT_EMIT_LOC_STRINGS = YES;
				SWIFT_VERSION = 5.0;
				TARGETED_DEVICE_FAMILY = "1,2";
			};
			name = Release;
		};
/* End XCBuildConfiguration section */

/* Begin XCConfigurationList section */
		04EDD4512CD2934E00D54992 /* Build configuration list for PBXProject "AIVoice" */ = {
			isa = XCConfigurationList;
			buildConfigurations = (
				04EDD4682CD2935100D54992 /* Debug */,
				04EDD4692CD2935100D54992 /* Release */,
			);
			defaultConfigurationIsVisible = 0;
			defaultConfigurationName = Release;
		};
		04EDD46A2CD2935100D54992 /* Build configuration list for PBXNativeTarget "AIVoice" */ = {
			isa = XCConfigurationList;
			buildConfigurations = (
				04EDD46B2CD2935100D54992 /* Debug */,
				04EDD46C2CD2935100D54992 /* Release */,
			);
			defaultConfigurationIsVisible = 0;
			defaultConfigurationName = Release;
		};
/* End XCConfigurationList section */
	};
	rootObject = 04EDD44E2CD2934E00D54992 /* Project object */;
}
